
Microsoft Visual Studio Solution File, Format Version 12.00
# Visual Studio Version 17
VisualStudioVersion = 17.0.31903.59
MinimumVisualStudioVersion = 10.0.40219.1
Project("{FAE04EC0-301F-11D3-BF4B-00C04F79EFBC}") = "VWFS.BuildingBlocks.Application", "VWFS.BuildingBlocks.Application\VWFS.BuildingBlocks.Application.csproj", "{414BDD85-8F36-4B7D-9B57-B3F3214D7429}"
EndProject
Project("{FAE04EC0-301F-11D3-BF4B-00C04F79EFBC}") = "VWFS.BuildingBlocks.Contracts", "VWFS.BuildingBlocks.Contracts\VWFS.BuildingBlocks.Contracts.csproj", "{0C9B3471-EB89-46BA-BB0D-85508BAB09F3}"
EndProject
Project("{FAE04EC0-301F-11D3-BF4B-00C04F79EFBC}") = "VWFS.BuildingBlocks.Domain", "VWFS.BuildingBlocks.Domain\VWFS.BuildingBlocks.Domain.csproj", "{2963A692-A0C0-4FD4-8246-4A8B4A9E0663}"
EndProject
Project("{FAE04EC0-301F-11D3-BF4B-00C04F79EFBC}") = "VWFS.BuildingBlocks.Infrastructure", "VWFS.BuildingBlocks.Infrastructure\VWFS.BuildingBlocks.Infrastructure.csproj", "{B085D281-1E31-46E7-9FFD-FC3846898737}"
EndProject
Global
	GlobalSection(SolutionConfigurationPlatforms) = preSolution
		Debug|Any CPU = Debug|Any CPU
		Release|Any CPU = Release|Any CPU
	EndGlobalSection
	GlobalSection(SolutionProperties) = preSolution
		HideSolutionNode = FALSE
	EndGlobalSection
	GlobalSection(ProjectConfigurationPlatforms) = postSolution
		{414BDD85-8F36-4B7D-9B57-B3F3214D7429}.Debug|Any CPU.ActiveCfg = Debug|Any CPU
		{414BDD85-8F36-4B7D-9B57-B3F3214D7429}.Debug|Any CPU.Build.0 = Debug|Any CPU
		{414BDD85-8F36-4B7D-9B57-B3F3214D7429}.Release|Any CPU.ActiveCfg = Release|Any CPU
		{414BDD85-8F36-4B7D-9B57-B3F3214D7429}.Release|Any CPU.Build.0 = Release|Any CPU
		{0C9B3471-EB89-46BA-BB0D-85508BAB09F3}.Debug|Any CPU.ActiveCfg = Debug|Any CPU
		{0C9B3471-EB89-46BA-BB0D-85508BAB09F3}.Debug|Any CPU.Build.0 = Debug|Any CPU
		{0C9B3471-EB89-46BA-BB0D-85508BAB09F3}.Release|Any CPU.ActiveCfg = Release|Any CPU
		{0C9B3471-EB89-46BA-BB0D-85508BAB09F3}.Release|Any CPU.Build.0 = Release|Any CPU
		{2963A692-A0C0-4FD4-8246-4A8B4A9E0663}.Debug|Any CPU.ActiveCfg = Debug|Any CPU
		{2963A692-A0C0-4FD4-8246-4A8B4A9E0663}.Debug|Any CPU.Build.0 = Debug|Any CPU
		{2963A692-A0C0-4FD4-8246-4A8B4A9E0663}.Release|Any CPU.ActiveCfg = Release|Any CPU
		{2963A692-A0C0-4FD4-8246-4A8B4A9E0663}.Release|Any CPU.Build.0 = Release|Any CPU
		{B085D281-1E31-46E7-9FFD-FC3846898737}.Debug|Any CPU.ActiveCfg = Debug|Any CPU
		{B085D281-1E31-46E7-9FFD-FC3846898737}.Debug|Any CPU.Build.0 = Debug|Any CPU
		{B085D281-1E31-46E7-9FFD-FC3846898737}.Release|Any CPU.ActiveCfg = Release|Any CPU
		{B085D281-1E31-46E7-9FFD-FC3846898737}.Release|Any CPU.Build.0 = Release|Any CPU
	EndGlobalSection
EndGlobal
